{
  "nodes": {
    "home-manager": {
      "inputs": {
        "nixpkgs": [
          "nixpkgs"
        ]
      },
      "locked": {
        "lastModified": 1667907331,
        "narHash": "sha256-bHkAwkYlBjkupPUFcQjimNS8gxWSWjOTevEuwdnp5m0=",
        "owner": "nix-community",
        "repo": "home-manager",
        "rev": "6639e3a837fc5deb6f99554072789724997bc8e5",
        "type": "github"
      },
      "original": {
        "owner": "nix-community",
        "ref": "release-22.05",
        "repo": "home-manager",
        "type": "github"
      }
    },
    "nixpkgs": {
      "locked": {
        "lastModified": 1670700605,
        "narHash": "sha256-5dlpATkcyITpdtMflhltuD+A3RNpsVI1Mb+dtKkll6Y=",
        "owner": "nixos",
        "repo": "nixpkgs",
        "rev": "7b9eeb856cbf976482fa8d1cb295ea03fb3e1277",
        "type": "github"
      },
      "original": {
        "owner": "nixos",
        "ref": "nixos-22.05",
        "repo": "nixpkgs",
        "type": "github"
      }
    },
    "nurpkgs": {
      "locked": {
        "lastModified": 1670905794,
        "narHash": "sha256-wpg/ZYga8aDmUogB8YRK8KLiUsOLw0cnhJtaKutvKEk=",
        "owner": "nix-community",
        "repo": "NUR",
        "rev": "a0869f532570fb0bbff84a158299c40c4af3fadd",
        "type": "github"
      },
      "original": {
        "owner": "nix-community",
        "repo": "NUR",
        "type": "github"
      }
    },
    "root": {
      "inputs": {
        "home-manager": "home-manager",
        "nixpkgs": "nixpkgs",
        "nurpkgs": "nurpkgs",
        "unstable": "unstable"
      }
    },
    "unstable": {
      "locked": {
        "lastModified": 1670841420,
        "narHash": "sha256-mSEia1FzrsHbfqjorMyYiX8NXdDVeR1Pw1k55jMJlJY=",
        "owner": "nixos",
        "repo": "nixpkgs",
        "rev": "33e0d99cbedf2acfd7340d2150837fbb28039a64",
        "type": "github"
      },
      "original": {
        "owner": "nixos",
        "ref": "nixos-unstable",
        "repo": "nixpkgs",
        "type": "github"
      }
    }
  },
  "root": "root",
  "version": 7
}
