{
  "nodes": {
    "home-manager": {
      "inputs": {
        "nixpkgs": [
          "nixpkgs"
        ]
      },
      "locked": {
        "lastModified": 1665996265,
        "narHash": "sha256-/k9og6LDBQwT+f/tJ5ClcWiUl8kCX5m6ognhsAxOiCY=",
        "owner": "nix-community",
        "repo": "home-manager",
        "rev": "b81e128fc053ab3159d7b464d9b7dedc9d6a6891",
        "type": "github"
      },
      "original": {
        "owner": "nix-community",
        "ref": "release-22.05",
        "repo": "home-manager",
        "type": "github"
      }
    },
    "nixpkgs": {
      "locked": {
        "lastModified": 1666164185,
        "narHash": "sha256-5v+YB4ijeUfg5LCz9ck4gIpCPhIS+qn02OyPJO48bCE=",
        "owner": "nixos",
        "repo": "nixpkgs",
        "rev": "c5203abb1329f7ea084c04acda330ca75d5b9fb5",
        "type": "github"
      },
      "original": {
        "owner": "nixos",
        "ref": "nixos-22.05",
        "repo": "nixpkgs",
        "type": "github"
      }
    },
    "nurpkgs": {
      "locked": {
        "lastModified": 1666216478,
        "narHash": "sha256-osGgetmIdajR7Gr1pNWLTIStZRxKQOiZNgUaMJFFCiw=",
        "owner": "nix-community",
        "repo": "NUR",
        "rev": "23a93790851a14d2b671ba14a204b6fa39931877",
        "type": "github"
      },
      "original": {
        "owner": "nix-community",
        "repo": "NUR",
        "type": "github"
      }
    },
    "root": {
      "inputs": {
        "home-manager": "home-manager",
        "nixpkgs": "nixpkgs",
        "nurpkgs": "nurpkgs",
        "unstable": "unstable"
      }
    },
    "unstable": {
      "locked": {
        "lastModified": 1666109165,
        "narHash": "sha256-BMLyNVkr0oONuq3lKlFCRVuYqF75CO68Z8EoCh81Zdk=",
        "owner": "nixos",
        "repo": "nixpkgs",
        "rev": "32096899af23d49010bd8cf6a91695888d9d9e73",
        "type": "github"
      },
      "original": {
        "owner": "nixos",
        "ref": "nixos-unstable",
        "repo": "nixpkgs",
        "type": "github"
      }
    }
  },
  "root": "root",
  "version": 7
}
